
Microsoft Visual Studio Solution File, Format Version 12.00
# Visual Studio Version 16
VisualStudioVersion = 16.0.30804.86
MinimumVisualStudioVersion = 10.0.40219.1
Project("{FAE04EC0-301F-11D3-BF4B-00C04F79EFBC}") = "SmartFood.WEB", "SmartFood.WEB\SmartFood.WEB.csproj", "{C4C555A4-92B8-47D7-A4F9-0FED22E910A3}"
EndProject
Project("{FAE04EC0-301F-11D3-BF4B-00C04F79EFBC}") = "SmartFood.DAL", "SmartFood.DAL\SmartFood.DAL.csproj", "{2D52885A-ACDC-47BC-A300-DAA8B3FF8660}"
EndProject
Project("{FAE04EC0-301F-11D3-BF4B-00C04F79EFBC}") = "SmartFood.BLL", "SmartFood.BLL\SmartFood.BLL.csproj", "{EFE6FB8B-F008-4DCF-8656-54B307AD5736}"
EndProject
Global
	GlobalSection(SolutionConfigurationPlatforms) = preSolution
		Debug|Any CPU = Debug|Any CPU
		Release|Any CPU = Release|Any CPU
	EndGlobalSection
	GlobalSection(ProjectConfigurationPlatforms) = postSolution
		{C4C555A4-92B8-47D7-A4F9-0FED22E910A3}.Debug|Any CPU.ActiveCfg = Debug|Any CPU
		{C4C555A4-92B8-47D7-A4F9-0FED22E910A3}.Debug|Any CPU.Build.0 = Debug|Any CPU
		{C4C555A4-92B8-47D7-A4F9-0FED22E910A3}.Release|Any CPU.ActiveCfg = Release|Any CPU
		{C4C555A4-92B8-47D7-A4F9-0FED22E910A3}.Release|Any CPU.Build.0 = Release|Any CPU
		{2D52885A-ACDC-47BC-A300-DAA8B3FF8660}.Debug|Any CPU.ActiveCfg = Debug|Any CPU
		{2D52885A-ACDC-47BC-A300-DAA8B3FF8660}.Debug|Any CPU.Build.0 = Debug|Any CPU
		{2D52885A-ACDC-47BC-A300-DAA8B3FF8660}.Release|Any CPU.ActiveCfg = Release|Any CPU
		{2D52885A-ACDC-47BC-A300-DAA8B3FF8660}.Release|Any CPU.Build.0 = Release|Any CPU
		{EFE6FB8B-F008-4DCF-8656-54B307AD5736}.Debug|Any CPU.ActiveCfg = Debug|Any CPU
		{EFE6FB8B-F008-4DCF-8656-54B307AD5736}.Debug|Any CPU.Build.0 = Debug|Any CPU
		{EFE6FB8B-F008-4DCF-8656-54B307AD5736}.Release|Any CPU.ActiveCfg = Release|Any CPU
		{EFE6FB8B-F008-4DCF-8656-54B307AD5736}.Release|Any CPU.Build.0 = Release|Any CPU
	EndGlobalSection
	GlobalSection(SolutionProperties) = preSolution
		HideSolutionNode = FALSE
	EndGlobalSection
	GlobalSection(ExtensibilityGlobals) = postSolution
		SolutionGuid = {406B5ABD-1889-4C80-80A1-B7ABCA4285CD}
	EndGlobalSection
EndGlobal
